// !$*UTF8*$!
{
	archiveVersion = 1;
	classes = {
	};
	objectVersion = 46;
	objects = {

/* Begin PBXBuildFile section */
		A50673181A6A99BB0083F598 /* AppDelegate.swift in Sources */ = {isa = PBXBuildFile; fileRef = A50673171A6A99BB0083F598 /* AppDelegate.swift */; };
		A506731A1A6A99BB0083F598 /* ViewController.swift in Sources */ = {isa = PBXBuildFile; fileRef = A50673191A6A99BB0083F598 /* ViewController.swift */; };
		A506731D1A6A99BB0083F598 /* Main.storyboard in Resources */ = {isa = PBXBuildFile; fileRef = A506731B1A6A99BB0083F598 /* Main.storyboard */; };
		A506731F1A6A99BB0083F598 /* Images.xcassets in Resources */ = {isa = PBXBuildFile; fileRef = A506731E1A6A99BB0083F598 /* Images.xcassets */; };
		A50673221A6A99BB0083F598 /* LaunchScreen.xib in Resources */ = {isa = PBXBuildFile; fileRef = A50673201A6A99BB0083F598 /* LaunchScreen.xib */; };
		A506732E1A6A99BB0083F598 /* VRPhysicalTherapyPatientTests.swift in Sources */ = {isa = PBXBuildFile; fileRef = A506732D1A6A99BB0083F598 /* VRPhysicalTherapyPatientTests.swift */; };
/* End PBXBuildFile section */

/* Begin PBXContainerItemProxy section */
		A50673281A6A99BB0083F598 /* PBXContainerItemProxy */ = {
			isa = PBXContainerItemProxy;
			containerPortal = A506730A1A6A99BB0083F598 /* Project object */;
			proxyType = 1;
			remoteGlobalIDString = A50673111A6A99BB0083F598;
			remoteInfo = VRPhysicalTherapyPatient;
		};
/* End PBXContainerItemProxy section */

/* Begin PBXFileReference section */
		A50673121A6A99BB0083F598 /* VRPhysicalTherapyPatient.app */ = {isa = PBXFileReference; explicitFileType = wrapper.application; includeInIndex = 0; path = VRPhysicalTherapyPatient.app; sourceTree = BUILT_PRODUCTS_DIR; };
		A50673161A6A99BB0083F598 /* Info.plist */ = {isa = PBXFileReference; lastKnownFileType = text.plist.xml; path = Info.plist; sourceTree = "<group>"; };
		A50673171A6A99BB0083F598 /* AppDelegate.swift */ = {isa = PBXFileReference; lastKnownFileType = sourcecode.swift; path = AppDelegate.swift; sourceTree = "<group>"; };
		A50673191A6A99BB0083F598 /* ViewController.swift */ = {isa = PBXFileReference; lastKnownFileType = sourcecode.swift; path = ViewController.swift; sourceTree = "<group>"; };
		A506731C1A6A99BB0083F598 /* Base */ = {isa = PBXFileReference; lastKnownFileType = file.storyboard; name = Base; path = Base.lproj/Main.storyboard; sourceTree = "<group>"; };
		A506731E1A6A99BB0083F598 /* Images.xcassets */ = {isa = PBXFileReference; lastKnownFileType = folder.assetcatalog; path = Images.xcassets; sourceTree = "<group>"; };
		A50673211A6A99BB0083F598 /* Base */ = {isa = PBXFileReference; lastKnownFileType = file.xib; name = Base; path = Base.lproj/LaunchScreen.xib; sourceTree = "<group>"; };
		A50673271A6A99BB0083F598 /* VRPhysicalTherapyPatientTests.xctest */ = {isa = PBXFileReference; explicitFileType = wrapper.cfbundle; includeInIndex = 0; path = VRPhysicalTherapyPatientTests.xctest; sourceTree = BUILT_PRODUCTS_DIR; };
		A506732C1A6A99BB0083F598 /* Info.plist */ = {isa = PBXFileReference; lastKnownFileType = text.plist.xml; path = Info.plist; sourceTree = "<group>"; };
		A506732D1A6A99BB0083F598 /* VRPhysicalTherapyPatientTests.swift */ = {isa = PBXFileReference; lastKnownFileType = sourcecode.swift; path = VRPhysicalTherapyPatientTests.swift; sourceTree = "<group>"; };
/* End PBXFileReference section */

/* Begin PBXFrameworksBuildPhase section */
		A506730F1A6A99BB0083F598 /* Frameworks */ = {
			isa = PBXFrameworksBuildPhase;
			buildActionMask = 2147483647;
			files = (
			);
			runOnlyForDeploymentPostprocessing = 0;
		};
		A50673241A6A99BB0083F598 /* Frameworks */ = {
			isa = PBXFrameworksBuildPhase;
			buildActionMask = 2147483647;
			files = (
			);
			runOnlyForDeploymentPostprocessing = 0;
		};
/* End PBXFrameworksBuildPhase section */

/* Begin PBXGroup section */
		A50673091A6A99BB0083F598 = {
			isa = PBXGroup;
			children = (
				A50673141A6A99BB0083F598 /* VRPhysicalTherapyPatient */,
				A506732A1A6A99BB0083F598 /* VRPhysicalTherapyPatientTests */,
				A50673131A6A99BB0083F598 /* Products */,
			);
			sourceTree = "<group>";
		};
		A50673131A6A99BB0083F598 /* Products */ = {
			isa = PBXGroup;
			children = (
				A50673121A6A99BB0083F598 /* VRPhysicalTherapyPatient.app */,
				A50673271A6A99BB0083F598 /* VRPhysicalTherapyPatientTests.xctest */,
			);
			name = Products;
			sourceTree = "<group>";
		};
		A50673141A6A99BB0083F598 /* VRPhysicalTherapyPatient */ = {
			isa = PBXGroup;
			children = (
				A50673171A6A99BB0083F598 /* AppDelegate.swift */,
				A50673191A6A99BB0083F598 /* ViewController.swift */,
				A506731B1A6A99BB0083F598 /* Main.storyboard */,
				A506731E1A6A99BB0083F598 /* Images.xcassets */,
				A50673201A6A99BB0083F598 /* LaunchScreen.xib */,
				A50673151A6A99BB0083F598 /* Supporting Files */,
			);
			path = VRPhysicalTherapyPatient;
			sourceTree = "<group>";
		};
		A50673151A6A99BB0083F598 /* Supporting Files */ = {
			isa = PBXGroup;
			children = (
				A50673161A6A99BB0083F598 /* Info.plist */,
			);
			name = "Supporting Files";
			sourceTree = "<group>";
		};
		A506732A1A6A99BB0083F598 /* VRPhysicalTherapyPatientTests */ = {
			isa = PBXGroup;
			children = (
				A506732D1A6A99BB0083F598 /* VRPhysicalTherapyPatientTests.swift */,
				A506732B1A6A99BB0083F598 /* Supporting Files */,
			);
			path = VRPhysicalTherapyPatientTests;
			sourceTree = "<group>";
		};
		A506732B1A6A99BB0083F598 /* Supporting Files */ = {
			isa = PBXGroup;
			children = (
				A506732C1A6A99BB0083F598 /* Info.plist */,
			);
			name = "Supporting Files";
			sourceTree = "<group>";
		};
/* End PBXGroup section */

/* Begin PBXNativeTarget section */
		A50673111A6A99BB0083F598 /* VRPhysicalTherapyPatient */ = {
			isa = PBXNativeTarget;
			buildConfigurationList = A50673311A6A99BB0083F598 /* Build configuration list for PBXNativeTarget "VRPhysicalTherapyPatient" */;
			buildPhases = (
				A506730E1A6A99BB0083F598 /* Sources */,
				A506730F1A6A99BB0083F598 /* Frameworks */,
				A50673101A6A99BB0083F598 /* Resources */,
			);
			buildRules = (
			);
			dependencies = (
			);
			name = VRPhysicalTherapyPatient;
			productName = VRPhysicalTherapyPatient;
			productReference = A50673121A6A99BB0083F598 /* VRPhysicalTherapyPatient.app */;
			productType = "com.apple.product-type.application";
		};
		A50673261A6A99BB0083F598 /* VRPhysicalTherapyPatientTests */ = {
			isa = PBXNativeTarget;
			buildConfigurationList = A50673341A6A99BB0083F598 /* Build configuration list for PBXNativeTarget "VRPhysicalTherapyPatientTests" */;
			buildPhases = (
				A50673231A6A99BB0083F598 /* Sources */,
				A50673241A6A99BB0083F598 /* Frameworks */,
				A50673251A6A99BB0083F598 /* Resources */,
			);
			buildRules = (
			);
			dependencies = (
				A50673291A6A99BB0083F598 /* PBXTargetDependency */,
			);
			name = VRPhysicalTherapyPatientTests;
			productName = VRPhysicalTherapyPatientTests;
			productReference = A50673271A6A99BB0083F598 /* VRPhysicalTherapyPatientTests.xctest */;
			productType = "com.apple.product-type.bundle.unit-test";
		};
/* End PBXNativeTarget section */

/* Begin PBXProject section */
		A506730A1A6A99BB0083F598 /* Project object */ = {
			isa = PBXProject;
			attributes = {
				LastUpgradeCheck = 0610;
				ORGANIZATIONNAME = Applos;
				TargetAttributes = {
					A50673111A6A99BB0083F598 = {
						CreatedOnToolsVersion = 6.1.1;
					};
					A50673261A6A99BB0083F598 = {
						CreatedOnToolsVersion = 6.1.1;
						TestTargetID = A50673111A6A99BB0083F598;
					};
				};
			};
			buildConfigurationList = A506730D1A6A99BB0083F598 /* Build configuration list for PBXProject "VRPhysicalTherapyPatient" */;
			compatibilityVersion = "Xcode 3.2";
			developmentRegion = English;
			hasScannedForEncodings = 0;
			knownRegions = (
				en,
				Base,
			);
			mainGroup = A50673091A6A99BB0083F598;
			productRefGroup = A50673131A6A99BB0083F598 /* Products */;
			projectDirPath = "";
			projectRoot = "";
			targets = (
				A50673111A6A99BB0083F598 /* VRPhysicalTherapyPatient */,
				A50673261A6A99BB0083F598 /* VRPhysicalTherapyPatientTests */,
			);
		};
/* End PBXProject section */

/* Begin PBXResourcesBuildPhase section */
		A50673101A6A99BB0083F598 /* Resources */ = {
			isa = PBXResourcesBuildPhase;
			buildActionMask = 2147483647;
			files = (
				A506731D1A6A99BB0083F598 /* Main.storyboard in Resources */,
				A50673221A6A99BB0083F598 /* LaunchScreen.xib in Resources */,
				A506731F1A6A99BB0083F598 /* Images.xcassets in Resources */,
			);
			runOnlyForDeploymentPostprocessing = 0;
		};
		A50673251A6A99BB0083F598 /* Resources */ = {
			isa = PBXResourcesBuildPhase;
			buildActionMask = 2147483647;
			files = (
			);
			runOnlyForDeploymentPostprocessing = 0;
		};
/* End PBXResourcesBuildPhase section */

/* Begin PBXSourcesBuildPhase section */
		A506730E1A6A99BB0083F598 /* Sources */ = {
			isa = PBXSourcesBuildPhase;
			buildActionMask = 2147483647;
			files = (
				A506731A1A6A99BB0083F598 /* ViewController.swift in Sources */,
				A50673181A6A99BB0083F598 /* AppDelegate.swift in Sources */,
			);
			runOnlyForDeploymentPostprocessing = 0;
		};
		A50673231A6A99BB0083F598 /* Sources */ = {
			isa = PBXSourcesBuildPhase;
			buildActionMask = 2147483647;
			files = (
				A506732E1A6A99BB0083F598 /* VRPhysicalTherapyPatientTests.swift in Sources */,
			);
			runOnlyForDeploymentPostprocessing = 0;
		};
/* End PBXSourcesBuildPhase section */

/* Begin PBXTargetDependency section */
		A50673291A6A99BB0083F598 /* PBXTargetDependency */ = {
			isa = PBXTargetDependency;
			target = A50673111A6A99BB0083F598 /* VRPhysicalTherapyPatient */;
			targetProxy = A50673281A6A99BB0083F598 /* PBXContainerItemProxy */;
		};
/* End PBXTargetDependency section */

/* Begin PBXVariantGroup section */
		A506731B1A6A99BB0083F598 /* Main.storyboard */ = {
			isa = PBXVariantGroup;
			children = (
				A506731C1A6A99BB0083F598 /* Base */,
			);
			name = Main.storyboard;
			sourceTree = "<group>";
		};
		A50673201A6A99BB0083F598 /* LaunchScreen.xib */ = {
			isa = PBXVariantGroup;
			children = (
				A50673211A6A99BB0083F598 /* Base */,
			);
			name = LaunchScreen.xib;
			sourceTree = "<group>";
		};
/* End PBXVariantGroup section */

/* Begin XCBuildConfiguration section */
		A506732F1A6A99BB0083F598 /* Debug */ = {
			isa = XCBuildConfiguration;
			buildSettings = {
				ALWAYS_SEARCH_USER_PATHS = NO;
				CLANG_CXX_LANGUAGE_STANDARD = "gnu++0x";
				CLANG_CXX_LIBRARY = "libc++";
				CLANG_ENABLE_MODULES = YES;
				CLANG_ENABLE_OBJC_ARC = YES;
				CLANG_WARN_BOOL_CONVERSION = YES;
				CLANG_WARN_CONSTANT_CONVERSION = YES;
				CLANG_WARN_DIRECT_OBJC_ISA_USAGE = YES_ERROR;
				CLANG_WARN_EMPTY_BODY = YES;
				CLANG_WARN_ENUM_CONVERSION = YES;
				CLANG_WARN_INT_CONVERSION = YES;
				CLANG_WARN_OBJC_ROOT_CLASS = YES_ERROR;
				CLANG_WARN_UNREACHABLE_CODE = YES;
				CLANG_WARN__DUPLICATE_METHOD_MATCH = YES;
				"CODE_SIGN_IDENTITY[sdk=iphoneos*]" = "iPhone Developer";
				COPY_PHASE_STRIP = NO;
				ENABLE_STRICT_OBJC_MSGSEND = YES;
				GCC_C_LANGUAGE_STANDARD = gnu99;
				GCC_DYNAMIC_NO_PIC = NO;
				GCC_OPTIMIZATION_LEVEL = 0;
				GCC_PREPROCESSOR_DEFINITIONS = (
					"DEBUG=1",
					"$(inherited)",
				);
				GCC_SYMBOLS_PRIVATE_EXTERN = NO;
				GCC_WARN_64_TO_32_BIT_CONVERSION = YES;
				GCC_WARN_ABOUT_RETURN_TYPE = YES_ERROR;
				GCC_WARN_UNDECLARED_SELECTOR = YES;
				GCC_WARN_UNINITIALIZED_AUTOS = YES_AGGRESSIVE;
				GCC_WARN_UNUSED_FUNCTION = YES;
				GCC_WARN_UNUSED_VARIABLE = YES;
				IPHONEOS_DEPLOYMENT_TARGET = 8.1;
				MTL_ENABLE_DEBUG_INFO = YES;
				ONLY_ACTIVE_ARCH = YES;
				SDKROOT = iphoneos;
				SWIFT_OPTIMIZATION_LEVEL = "-Onone";
			};
			name = Debug;
		};
		A50673301A6A99BB0083F598 /* Release */ = {
			isa = XCBuildConfiguration;
			buildSettings = {
				ALWAYS_SEARCH_USER_PATHS = NO;
				CLANG_CXX_LANGUAGE_STANDARD = "gnu++0x";
				CLANG_CXX_LIBRARY = "libc++";
				CLANG_ENABLE_MODULES = YES;
				CLANG_ENABLE_OBJC_ARC = YES;
				CLANG_WARN_BOOL_CONVERSION = YES;
				CLANG_WARN_CONSTANT_CONVERSION = YES;
				CLANG_WARN_DIRECT_OBJC_ISA_USAGE = YES_ERROR;
				CLANG_WARN_EMPTY_BODY = YES;
				CLANG_WARN_ENUM_CONVERSION = YES;
				CLANG_WARN_INT_CONVERSION = YES;
				CLANG_WARN_OBJC_ROOT_CLASS = YES_ERROR;
				CLANG_WARN_UNREACHABLE_CODE = YES;
				CLANG_WARN__DUPLICATE_METHOD_MATCH = YES;
				"CODE_SIGN_IDENTITY[sdk=iphoneos*]" = "iPhone Developer";
				COPY_PHASE_STRIP = YES;
				ENABLE_NS_ASSERTIONS = NO;
				ENABLE_STRICT_OBJC_MSGSEND = YES;
				GCC_C_LANGUAGE_STANDARD = gnu99;
				GCC_WARN_64_TO_32_BIT_CONVERSION = YES;
				GCC_WARN_ABOUT_RETURN_TYPE = YES_ERROR;
				GCC_WARN_UNDECLARED_SELECTOR = YES;
				GCC_WARN_UNINITIALIZED_AUTOS = YES_AGGRESSIVE;
				GCC_WARN_UNUSED_FUNCTION = YES;
				GCC_WARN_UNUSED_VARIABLE = YES;
				IPHONEOS_DEPLOYMENT_TARGET = 8.1;
				MTL_ENABLE_DEBUG_INFO = NO;
				SDKROOT = iphoneos;
				VALIDATE_PRODUCT = YES;
			};
			name = Release;
		};
		A50673321A6A99BB0083F598 /* Debug */ = {
			isa = XCBuildConfiguration;
			buildSettings = {
				ASSETCATALOG_COMPILER_APPICON_NAME = AppIcon;
				INFOPLIST_FILE = VRPhysicalTherapyPatient/Info.plist;
				LD_RUNPATH_SEARCH_PATHS = "$(inherited) @executable_path/Frameworks";
				PRODUCT_NAME = "$(TARGET_NAME)";
			};
			name = Debug;
		};
		A50673331A6A99BB0083F598 /* Release */ = {
			isa = XCBuildConfiguration;
			buildSettings = {
				ASSETCATALOG_COMPILER_APPICON_NAME = AppIcon;
				INFOPLIST_FILE = VRPhysicalTherapyPatient/Info.plist;
				LD_RUNPATH_SEARCH_PATHS = "$(inherited) @executable_path/Frameworks";
				PRODUCT_NAME = "$(TARGET_NAME)";
			};
			name = Release;
		};
		A50673351A6A99BB0083F598 /* Debug */ = {
			isa = XCBuildConfiguration;
			buildSettings = {
				BUNDLE_LOADER = "$(TEST_HOST)";
				FRAMEWORK_SEARCH_PATHS = (
					"$(SDKROOT)/Developer/Library/Frameworks",
					"$(inherited)",
				);
				GCC_PREPROCESSOR_DEFINITIONS = (
					"DEBUG=1",
					"$(inherited)",
				);
				INFOPLIST_FILE = VRPhysicalTherapyPatientTests/Info.plist;
				LD_RUNPATH_SEARCH_PATHS = "$(inherited) @executable_path/Frameworks @loader_path/Frameworks";
				PRODUCT_NAME = "$(TARGET_NAME)";
				TEST_HOST = "$(BUILT_PRODUCTS_DIR)/VRPhysicalTherapyPatient.app/VRPhysicalTherapyPatient";
			};
			name = Debug;
		};
		A50673361A6A99BB0083F598 /* Release */ = {
			isa = XCBuildConfiguration;
			buildSettings = {
				BUNDLE_LOADER = "$(TEST_HOST)";
				FRAMEWORK_SEARCH_PATHS = (
					"$(SDKROOT)/Developer/Library/Frameworks",
					"$(inherited)",
				);
				INFOPLIST_FILE = VRPhysicalTherapyPatientTests/Info.plist;
				LD_RUNPATH_SEARCH_PATHS = "$(inherited) @executable_path/Frameworks @loader_path/Frameworks";
				PRODUCT_NAME = "$(TARGET_NAME)";
				TEST_HOST = "$(BUILT_PRODUCTS_DIR)/VRPhysicalTherapyPatient.app/VRPhysicalTherapyPatient";
			};
			name = Release;
		};
/* End XCBuildConfiguration section */

/* Begin XCConfigurationList section */
		A506730D1A6A99BB0083F598 /* Build configuration list for PBXProject "VRPhysicalTherapyPatient" */ = {
			isa = XCConfigurationList;
			buildConfigurations = (
				A506732F1A6A99BB0083F598 /* Debug */,
				A50673301A6A99BB0083F598 /* Release */,
			);
			defaultConfigurationIsVisible = 0;
			defaultConfigurationName = Release;
		};
		A50673311A6A99BB0083F598 /* Build configuration list for PBXNativeTarget "VRPhysicalTherapyPatient" */ = {
			isa = XCConfigurationList;
			buildConfigurations = (
				A50673321A6A99BB0083F598 /* Debug */,
				A50673331A6A99BB0083F598 /* Release */,
			);
			defaultConfigurationIsVisible = 0;
		};
		A50673341A6A99BB0083F598 /* Build configuration list for PBXNativeTarget "VRPhysicalTherapyPatientTests" */ = {
			isa = XCConfigurationList;
			buildConfigurations = (
				A50673351A6A99BB0083F598 /* Debug */,
				A50673361A6A99BB0083F598 /* Release */,
			);
			defaultConfigurationIsVisible = 0;
		};
/* End XCConfigurationList section */
	};
	rootObject = A506730A1A6A99BB0083F598 /* Project object */;
}
